
Microsoft Visual Studio Solution File, Format Version 12.00
# Visual Studio 15
VisualStudioVersion = 15.0.27004.2002
MinimumVisualStudioVersion = 10.0.40219.1
Project("{FAE04EC0-301F-11D3-BF4B-00C04F79EFBC}") = "Selenium.Utils", "Selenium.Utils\Selenium.Utils.csproj", "{82785779-0355-49E0-8586-6D82D9A856C2}"
EndProject
Project("{FAE04EC0-301F-11D3-BF4B-00C04F79EFBC}") = "ConversaoDistancias.Testes", "ConversaoDistancias.Testes\ConversaoDistancias.Testes.csproj", "{4815D7DF-047F-4BE4-BE1E-1106D86A5440}"
EndProject
Global
	GlobalSection(SolutionConfigurationPlatforms) = preSolution
		Debug|Any CPU = Debug|Any CPU
		Release|Any CPU = Release|Any CPU
	EndGlobalSection
	GlobalSection(ProjectConfigurationPlatforms) = postSolution
		{82785779-0355-49E0-8586-6D82D9A856C2}.Debug|Any CPU.ActiveCfg = Debug|Any CPU
		{82785779-0355-49E0-8586-6D82D9A856C2}.Debug|Any CPU.Build.0 = Debug|Any CPU
		{82785779-0355-49E0-8586-6D82D9A856C2}.Release|Any CPU.ActiveCfg = Release|Any CPU
		{82785779-0355-49E0-8586-6D82D9A856C2}.Release|Any CPU.Build.0 = Release|Any CPU
		{4815D7DF-047F-4BE4-BE1E-1106D86A5440}.Debug|Any CPU.ActiveCfg = Debug|Any CPU
		{4815D7DF-047F-4BE4-BE1E-1106D86A5440}.Debug|Any CPU.Build.0 = Debug|Any CPU
		{4815D7DF-047F-4BE4-BE1E-1106D86A5440}.Release|Any CPU.ActiveCfg = Release|Any CPU
		{4815D7DF-047F-4BE4-BE1E-1106D86A5440}.Release|Any CPU.Build.0 = Release|Any CPU
	EndGlobalSection
	GlobalSection(SolutionProperties) = preSolution
		HideSolutionNode = FALSE
	EndGlobalSection
	GlobalSection(ExtensibilityGlobals) = postSolution
		SolutionGuid = {04968298-0B60-4939-AAE6-46A44E5D0729}
	EndGlobalSection
EndGlobal
